// !$*UTF8*$!
{
	archiveVersion = 1;
	classes = {
	};
	objectVersion = 56;
	objects = {

/* Begin PBXBuildFile section */
		041E013E29F0BC45009C4A8E /* PageControl.swift in Sources */ = {isa = PBXBuildFile; fileRef = 041E013D29F0BC44009C4A8E /* PageControl.swift */; };
		041E014829F14DDC009C4A8E /* ContentView.swift in Sources */ = {isa = PBXBuildFile; fileRef = 041E014729F14DDC009C4A8E /* ContentView.swift */; };
		041E014A29F14DDF009C4A8E /* Assets.xcassets in Resources */ = {isa = PBXBuildFile; fileRef = 041E014929F14DDF009C4A8E /* Assets.xcassets */; };
		041E014D29F14DDF009C4A8E /* Preview Assets.xcassets in Resources */ = {isa = PBXBuildFile; fileRef = 041E014C29F14DDF009C4A8E /* Preview Assets.xcassets */; };
		041E014F29F14DDF009C4A8E /* Persistence.swift in Sources */ = {isa = PBXBuildFile; fileRef = 041E014E29F14DDF009C4A8E /* Persistence.swift */; };
		041E015229F14DDF009C4A8E /* MacLandmarks.xcdatamodeld in Sources */ = {isa = PBXBuildFile; fileRef = 041E015029F14DDF009C4A8E /* MacLandmarks.xcdatamodeld */; };
		041E015D29F14DE0009C4A8E /* MacLandmarksTests.swift in Sources */ = {isa = PBXBuildFile; fileRef = 041E015C29F14DE0009C4A8E /* MacLandmarksTests.swift */; };
		041E016729F14DE0009C4A8E /* MacLandmarksUITests.swift in Sources */ = {isa = PBXBuildFile; fileRef = 041E016629F14DE0009C4A8E /* MacLandmarksUITests.swift */; };
		041E016929F14DE0009C4A8E /* MacLandmarksUITestsLaunchTests.swift in Sources */ = {isa = PBXBuildFile; fileRef = 041E016829F14DE0009C4A8E /* MacLandmarksUITestsLaunchTests.swift */; };
		0421B32329EE334500E917CE /* ProfileEditor.swift in Sources */ = {isa = PBXBuildFile; fileRef = 0421B32229EE334500E917CE /* ProfileEditor.swift */; };
		0421B32629EE36C800E917CE /* PageViewController.swift in Sources */ = {isa = PBXBuildFile; fileRef = 0421B32529EE36C800E917CE /* PageViewController.swift */; };
		0421B32829EE393200E917CE /* FeatureCard.swift in Sources */ = {isa = PBXBuildFile; fileRef = 0421B32729EE393200E917CE /* FeatureCard.swift */; };
		0421B32A29EE399A00E917CE /* PageView.swift in Sources */ = {isa = PBXBuildFile; fileRef = 0421B32929EE399A00E917CE /* PageView.swift */; };
		0448EA5229F9533B00CE50EF /* CircleImage.swift in Sources */ = {isa = PBXBuildFile; fileRef = 0449B1C829E4F51400A5F74F /* CircleImage.swift */; };
		0448EA5329F9533B00CE50EF /* FavoriteButton.swift in Sources */ = {isa = PBXBuildFile; fileRef = 0449B1E029E8EFC200A5F74F /* FavoriteButton.swift */; };
		0448EA5429F9533B00CE50EF /* _706012110003___Jason_Emanuel_S___AFL_3App.swift in Sources */ = {isa = PBXBuildFile; fileRef = 0449B19929E4EEF200A5F74F /* _706012110003___Jason_Emanuel_S___AFL_3App.swift */; };
		0448EA5529F9533B00CE50EF /* LandmarkRow.swift in Sources */ = {isa = PBXBuildFile; fileRef = 0449B1DA29E8DF0B00A5F74F /* LandmarkRow.swift */; };
		0448EA5629F9533B00CE50EF /* ModelData.swift in Sources */ = {isa = PBXBuildFile; fileRef = 0449B1D229E8DAB000A5F74F /* ModelData.swift */; };
		0448EA5729F9533B00CE50EF /* Hike.swift in Sources */ = {isa = PBXBuildFile; fileRef = 0449B1F129E8F9C800A5F74F /* Hike.swift */; };
		0448EA5829F9533B00CE50EF /* Profile.swift in Sources */ = {isa = PBXBuildFile; fileRef = 0449B21F29EE2A6100A5F74F /* Profile.swift */; };
		0448EA5929F9533B00CE50EF /* MapView.swift in Sources */ = {isa = PBXBuildFile; fileRef = 0449B1CA29E4F61E00A5F74F /* MapView.swift */; };
		0448EA5A29F9533B00CE50EF /* Assets.xcassets in Resources */ = {isa = PBXBuildFile; fileRef = 0449B19D29E4EEF500A5F74F /* Assets.xcassets */; };
		0448EA5B29F9533B00CE50EF /* landmarkData.json in Resources */ = {isa = PBXBuildFile; fileRef = 0449B1CC29E8D7F800A5F74F /* landmarkData.json */; };
		0448EA5C29F9533B00CE50EF /* hikeData.json in Resources */ = {isa = PBXBuildFile; fileRef = 0449B20529E8FBA900A5F74F /* hikeData.json */; };
		0448EA5D29F9533B00CE50EF /* LandmarkList.swift in Sources */ = {isa = PBXBuildFile; fileRef = 0449B1DC29E8E2BA00A5F74F /* LandmarkList.swift */; };
		0448EA5E29F9533B00CE50EF /* Landmark.swift in Sources */ = {isa = PBXBuildFile; fileRef = 0449B1CE29E8D81200A5F74F /* Landmark.swift */; };
		0448EA6029F9546800CE50EF /* LandmarkDetail.swift in Sources */ = {isa = PBXBuildFile; fileRef = 0448EA5F29F9546800CE50EF /* LandmarkDetail.swift */; };
		0449B19A29E4EEF200A5F74F /* _706012110003___Jason_Emanuel_S___AFL_3App.swift in Sources */ = {isa = PBXBuildFile; fileRef = 0449B19929E4EEF200A5F74F /* _706012110003___Jason_Emanuel_S___AFL_3App.swift */; };
		0449B19C29E4EEF200A5F74F /* ContentView.swift in Sources */ = {isa = PBXBuildFile; fileRef = 0449B19B29E4EEF200A5F74F /* ContentView.swift */; };
		0449B19E29E4EEF500A5F74F /* Assets.xcassets in Resources */ = {isa = PBXBuildFile; fileRef = 0449B19D29E4EEF500A5F74F /* Assets.xcassets */; };
		0449B1A129E4EEF500A5F74F /* Preview Assets.xcassets in Resources */ = {isa = PBXBuildFile; fileRef = 0449B1A029E4EEF500A5F74F /* Preview Assets.xcassets */; };
		0449B1A329E4EEF500A5F74F /* Persistence.swift in Sources */ = {isa = PBXBuildFile; fileRef = 0449B1A229E4EEF500A5F74F /* Persistence.swift */; };
		0449B1A629E4EEF500A5F74F /* _706012110003___Jason_Emanuel_S___AFL_3.xcdatamodeld in Sources */ = {isa = PBXBuildFile; fileRef = 0449B1A429E4EEF500A5F74F /* _706012110003___Jason_Emanuel_S___AFL_3.xcdatamodeld */; };
		0449B1B029E4EEF600A5F74F /* _706012110003___Jason_Emanuel_S___AFL_3Tests.swift in Sources */ = {isa = PBXBuildFile; fileRef = 0449B1AF29E4EEF600A5F74F /* _706012110003___Jason_Emanuel_S___AFL_3Tests.swift */; };
		0449B1BA29E4EEF600A5F74F /* _706012110003___Jason_Emanuel_S___AFL_3UITests.swift in Sources */ = {isa = PBXBuildFile; fileRef = 0449B1B929E4EEF600A5F74F /* _706012110003___Jason_Emanuel_S___AFL_3UITests.swift */; };
		0449B1BC29E4EEF600A5F74F /* _706012110003___Jason_Emanuel_S___AFL_3UITestsLaunchTests.swift in Sources */ = {isa = PBXBuildFile; fileRef = 0449B1BB29E4EEF600A5F74F /* _706012110003___Jason_Emanuel_S___AFL_3UITestsLaunchTests.swift */; };
		0449B1C929E4F51400A5F74F /* CircleImage.swift in Sources */ = {isa = PBXBuildFile; fileRef = 0449B1C829E4F51400A5F74F /* CircleImage.swift */; };
		0449B1CB29E4F61E00A5F74F /* MapView.swift in Sources */ = {isa = PBXBuildFile; fileRef = 0449B1CA29E4F61E00A5F74F /* MapView.swift */; };
		0449B1CD29E8D7F900A5F74F /* landmarkData.json in Resources */ = {isa = PBXBuildFile; fileRef = 0449B1CC29E8D7F800A5F74F /* landmarkData.json */; };
		0449B1CF29E8D81200A5F74F /* Landmark.swift in Sources */ = {isa = PBXBuildFile; fileRef = 0449B1CE29E8D81200A5F74F /* Landmark.swift */; };
		0449B1D329E8DAB000A5F74F /* ModelData.swift in Sources */ = {isa = PBXBuildFile; fileRef = 0449B1D229E8DAB000A5F74F /* ModelData.swift */; };
		0449B1DB29E8DF0B00A5F74F /* LandmarkRow.swift in Sources */ = {isa = PBXBuildFile; fileRef = 0449B1DA29E8DF0B00A5F74F /* LandmarkRow.swift */; };
		0449B1DD29E8E2BA00A5F74F /* LandmarkList.swift in Sources */ = {isa = PBXBuildFile; fileRef = 0449B1DC29E8E2BA00A5F74F /* LandmarkList.swift */; };
		0449B1DF29E8E43200A5F74F /* LandmarkDetail.swift in Sources */ = {isa = PBXBuildFile; fileRef = 0449B1DE29E8E43200A5F74F /* LandmarkDetail.swift */; };
		0449B1E129E8EFC200A5F74F /* FavoriteButton.swift in Sources */ = {isa = PBXBuildFile; fileRef = 0449B1E029E8EFC200A5F74F /* FavoriteButton.swift */; };
		0449B1E529E8F20500A5F74F /* HexagonParameters.swift in Sources */ = {isa = PBXBuildFile; fileRef = 0449B1E429E8F20500A5F74F /* HexagonParameters.swift */; };
		0449B1E729E8F31C00A5F74F /* BadgeBackground.swift in Sources */ = {isa = PBXBuildFile; fileRef = 0449B1E629E8F31C00A5F74F /* BadgeBackground.swift */; };
		0449B1E929E8F6CA00A5F74F /* BadgeSymbol.swift in Sources */ = {isa = PBXBuildFile; fileRef = 0449B1E829E8F6CA00A5F74F /* BadgeSymbol.swift */; };
		0449B1EB29E8F75D00A5F74F /* RotatedBadgeSymbol.swift in Sources */ = {isa = PBXBuildFile; fileRef = 0449B1EA29E8F75D00A5F74F /* RotatedBadgeSymbol.swift */; };
		0449B1ED29E8F7F400A5F74F /* Badge.swift in Sources */ = {isa = PBXBuildFile; fileRef = 0449B1EC29E8F7F400A5F74F /* Badge.swift */; };
		0449B1F229E8F9C800A5F74F /* Hike.swift in Sources */ = {isa = PBXBuildFile; fileRef = 0449B1F129E8F9C800A5F74F /* Hike.swift */; };
		0449B20629E8FBA900A5F74F /* hikeData.json in Resources */ = {isa = PBXBuildFile; fileRef = 0449B20529E8FBA900A5F74F /* hikeData.json */; };
		0449B21129EE200D00A5F74F /* GraphCapsule.swift in Sources */ = {isa = PBXBuildFile; fileRef = 0449B21029EE200D00A5F74F /* GraphCapsule.swift */; };
		0449B21329EE207800A5F74F /* HikeView.swift in Sources */ = {isa = PBXBuildFile; fileRef = 0449B21229EE207800A5F74F /* HikeView.swift */; };
		0449B21529EE20AC00A5F74F /* HikeDetail.swift in Sources */ = {isa = PBXBuildFile; fileRef = 0449B21429EE20AC00A5F74F /* HikeDetail.swift */; };
		0449B21729EE20D600A5F74F /* HikeGraph.swift in Sources */ = {isa = PBXBuildFile; fileRef = 0449B21629EE20D600A5F74F /* HikeGraph.swift */; };
		0449B21A29EE22DC00A5F74F /* CategoryHome.swift in Sources */ = {isa = PBXBuildFile; fileRef = 0449B21929EE22DC00A5F74F /* CategoryHome.swift */; };
		0449B21C29EE24E000A5F74F /* CategoryRow.swift in Sources */ = {isa = PBXBuildFile; fileRef = 0449B21B29EE24E000A5F74F /* CategoryRow.swift */; };
		0449B21E29EE267B00A5F74F /* CategoryItem.swift in Sources */ = {isa = PBXBuildFile; fileRef = 0449B21D29EE267B00A5F74F /* CategoryItem.swift */; };
		0449B22029EE2A6100A5F74F /* Profile.swift in Sources */ = {isa = PBXBuildFile; fileRef = 0449B21F29EE2A6100A5F74F /* Profile.swift */; };
		0449B22329EE2B5400A5F74F /* ProfileHost.swift in Sources */ = {isa = PBXBuildFile; fileRef = 0449B22229EE2B5400A5F74F /* ProfileHost.swift */; };
		0449B22529EE2B7500A5F74F /* ProfileSummary.swift in Sources */ = {isa = PBXBuildFile; fileRef = 0449B22429EE2B7500A5F74F /* ProfileSummary.swift */; };
		0449B22729EE2CF200A5F74F /* HikeBadge.swift in Sources */ = {isa = PBXBuildFile; fileRef = 0449B22629EE2CF200A5F74F /* HikeBadge.swift */; };
/* End PBXBuildFile section */

/* Begin PBXContainerItemProxy section */
		041E015929F14DE0009C4A8E /* PBXContainerItemProxy */ = {
			isa = PBXContainerItemProxy;
			containerPortal = 0449B18E29E4EEF200A5F74F /* Project object */;
			proxyType = 1;
			remoteGlobalIDString = 041E014229F14DDB009C4A8E;
			remoteInfo = MacLandmarks;
		};
		041E016329F14DE0009C4A8E /* PBXContainerItemProxy */ = {
			isa = PBXContainerItemProxy;
			containerPortal = 0449B18E29E4EEF200A5F74F /* Project object */;
			proxyType = 1;
			remoteGlobalIDString = 041E014229F14DDB009C4A8E;
			remoteInfo = MacLandmarks;
		};
		0449B1AC29E4EEF600A5F74F /* PBXContainerItemProxy */ = {
			isa = PBXContainerItemProxy;
			containerPortal = 0449B18E29E4EEF200A5F74F /* Project object */;
			proxyType = 1;
			remoteGlobalIDString = 0449B19529E4EEF200A5F74F;
			remoteInfo = "0706012110003 - Jason Emanuel S - AFL 3";
		};
		0449B1B629E4EEF600A5F74F /* PBXContainerItemProxy */ = {
			isa = PBXContainerItemProxy;
			containerPortal = 0449B18E29E4EEF200A5F74F /* Project object */;
			proxyType = 1;
			remoteGlobalIDString = 0449B19529E4EEF200A5F74F;
			remoteInfo = "0706012110003 - Jason Emanuel S - AFL 3";
		};
/* End PBXContainerItemProxy section */

/* Begin PBXFileReference section */
		041E013D29F0BC44009C4A8E /* PageControl.swift */ = {isa = PBXFileReference; lastKnownFileType = sourcecode.swift; path = PageControl.swift; sourceTree = "<group>"; };
		041E014329F14DDB009C4A8E /* MacLandmarks.app */ = {isa = PBXFileReference; explicitFileType = wrapper.application; includeInIndex = 0; path = MacLandmarks.app; sourceTree = BUILT_PRODUCTS_DIR; };
		041E014729F14DDC009C4A8E /* ContentView.swift */ = {isa = PBXFileReference; lastKnownFileType = sourcecode.swift; path = ContentView.swift; sourceTree = "<group>"; };
		041E014929F14DDF009C4A8E /* Assets.xcassets */ = {isa = PBXFileReference; lastKnownFileType = folder.assetcatalog; path = Assets.xcassets; sourceTree = "<group>"; };
		041E014C29F14DDF009C4A8E /* Preview Assets.xcassets */ = {isa = PBXFileReference; lastKnownFileType = folder.assetcatalog; path = "Preview Assets.xcassets"; sourceTree = "<group>"; };
		041E014E29F14DDF009C4A8E /* Persistence.swift */ = {isa = PBXFileReference; lastKnownFileType = sourcecode.swift; path = Persistence.swift; sourceTree = "<group>"; };
		041E015129F14DDF009C4A8E /* MacLandmarks.xcdatamodel */ = {isa = PBXFileReference; lastKnownFileType = wrapper.xcdatamodel; path = MacLandmarks.xcdatamodel; sourceTree = "<group>"; };
		041E015329F14DDF009C4A8E /* MacLandmarks.entitlements */ = {isa = PBXFileReference; lastKnownFileType = text.plist.entitlements; path = MacLandmarks.entitlements; sourceTree = "<group>"; };
		041E015829F14DE0009C4A8E /* MacLandmarksTests.xctest */ = {isa = PBXFileReference; explicitFileType = wrapper.cfbundle; includeInIndex = 0; path = MacLandmarksTests.xctest; sourceTree = BUILT_PRODUCTS_DIR; };
		041E015C29F14DE0009C4A8E /* MacLandmarksTests.swift */ = {isa = PBXFileReference; lastKnownFileType = sourcecode.swift; path = MacLandmarksTests.swift; sourceTree = "<group>"; };
		041E016229F14DE0009C4A8E /* MacLandmarksUITests.xctest */ = {isa = PBXFileReference; explicitFileType = wrapper.cfbundle; includeInIndex = 0; path = MacLandmarksUITests.xctest; sourceTree = BUILT_PRODUCTS_DIR; };
		041E016629F14DE0009C4A8E /* MacLandmarksUITests.swift */ = {isa = PBXFileReference; lastKnownFileType = sourcecode.swift; path = MacLandmarksUITests.swift; sourceTree = "<group>"; };
		041E016829F14DE0009C4A8E /* MacLandmarksUITestsLaunchTests.swift */ = {isa = PBXFileReference; lastKnownFileType = sourcecode.swift; path = MacLandmarksUITestsLaunchTests.swift; sourceTree = "<group>"; };
		0421B32229EE334500E917CE /* ProfileEditor.swift */ = {isa = PBXFileReference; lastKnownFileType = sourcecode.swift; path = ProfileEditor.swift; sourceTree = "<group>"; };
		0421B32529EE36C800E917CE /* PageViewController.swift */ = {isa = PBXFileReference; lastKnownFileType = sourcecode.swift; path = PageViewController.swift; sourceTree = "<group>"; };
		0421B32729EE393200E917CE /* FeatureCard.swift */ = {isa = PBXFileReference; lastKnownFileType = sourcecode.swift; path = FeatureCard.swift; sourceTree = "<group>"; };
		0421B32929EE399A00E917CE /* PageView.swift */ = {isa = PBXFileReference; lastKnownFileType = sourcecode.swift; path = PageView.swift; sourceTree = "<group>"; };
		0448EA5F29F9546800CE50EF /* LandmarkDetail.swift */ = {isa = PBXFileReference; lastKnownFileType = sourcecode.swift; path = LandmarkDetail.swift; sourceTree = "<group>"; };
		0449B19629E4EEF200A5F74F /* 0706012110003 - Jason Emanuel S - AFL 3.app */ = {isa = PBXFileReference; explicitFileType = wrapper.application; includeInIndex = 0; path = "0706012110003 - Jason Emanuel S - AFL 3.app"; sourceTree = BUILT_PRODUCTS_DIR; };
		0449B19929E4EEF200A5F74F /* _706012110003___Jason_Emanuel_S___AFL_3App.swift */ = {isa = PBXFileReference; lastKnownFileType = sourcecode.swift; path = "_706012110003___Jason_Emanuel_S___AFL_3App.swift"; sourceTree = "<group>"; };
		0449B19B29E4EEF200A5F74F /* ContentView.swift */ = {isa = PBXFileReference; lastKnownFileType = sourcecode.swift; path = ContentView.swift; sourceTree = "<group>"; };
		0449B19D29E4EEF500A5F74F /* Assets.xcassets */ = {isa = PBXFileReference; lastKnownFileType = folder.assetcatalog; path = Assets.xcassets; sourceTree = "<group>"; };
		0449B1A029E4EEF500A5F74F /* Preview Assets.xcassets */ = {isa = PBXFileReference; lastKnownFileType = folder.assetcatalog; path = "Preview Assets.xcassets"; sourceTree = "<group>"; };
		0449B1A229E4EEF500A5F74F /* Persistence.swift */ = {isa = PBXFileReference; lastKnownFileType = sourcecode.swift; path = Persistence.swift; sourceTree = "<group>"; };
		0449B1A529E4EEF500A5F74F /* _706012110003___Jason_Emanuel_S___AFL_3.xcdatamodel */ = {isa = PBXFileReference; lastKnownFileType = wrapper.xcdatamodel; path = "_706012110003___Jason_Emanuel_S___AFL_3.xcdatamodel"; sourceTree = "<group>"; };
		0449B1AB29E4EEF600A5F74F /* 0706012110003 - Jason Emanuel S - AFL 3Tests.xctest */ = {isa = PBXFileReference; explicitFileType = wrapper.cfbundle; includeInIndex = 0; path = "0706012110003 - Jason Emanuel S - AFL 3Tests.xctest"; sourceTree = BUILT_PRODUCTS_DIR; };
		0449B1AF29E4EEF600A5F74F /* _706012110003___Jason_Emanuel_S___AFL_3Tests.swift */ = {isa = PBXFileReference; lastKnownFileType = sourcecode.swift; path = "_706012110003___Jason_Emanuel_S___AFL_3Tests.swift"; sourceTree = "<group>"; };
		0449B1B529E4EEF600A5F74F /* 0706012110003 - Jason Emanuel S - AFL 3UITests.xctest */ = {isa = PBXFileReference; explicitFileType = wrapper.cfbundle; includeInIndex = 0; path = "0706012110003 - Jason Emanuel S - AFL 3UITests.xctest"; sourceTree = BUILT_PRODUCTS_DIR; };
		0449B1B929E4EEF600A5F74F /* _706012110003___Jason_Emanuel_S___AFL_3UITests.swift */ = {isa = PBXFileReference; lastKnownFileType = sourcecode.swift; path = "_706012110003___Jason_Emanuel_S___AFL_3UITests.swift"; sourceTree = "<group>"; };
		0449B1BB29E4EEF600A5F74F /* _706012110003___Jason_Emanuel_S___AFL_3UITestsLaunchTests.swift */ = {isa = PBXFileReference; lastKnownFileType = sourcecode.swift; path = "_706012110003___Jason_Emanuel_S___AFL_3UITestsLaunchTests.swift"; sourceTree = "<group>"; };
		0449B1C829E4F51400A5F74F /* CircleImage.swift */ = {isa = PBXFileReference; lastKnownFileType = sourcecode.swift; path = CircleImage.swift; sourceTree = "<group>"; };
		0449B1CA29E4F61E00A5F74F /* MapView.swift */ = {isa = PBXFileReference; lastKnownFileType = sourcecode.swift; path = MapView.swift; sourceTree = "<group>"; };
		0449B1CC29E8D7F800A5F74F /* landmarkData.json */ = {isa = PBXFileReference; fileEncoding = 4; lastKnownFileType = text.json; path = landmarkData.json; sourceTree = "<group>"; };
		0449B1CE29E8D81200A5F74F /* Landmark.swift */ = {isa = PBXFileReference; lastKnownFileType = sourcecode.swift; path = Landmark.swift; sourceTree = "<group>"; };
		0449B1D229E8DAB000A5F74F /* ModelData.swift */ = {isa = PBXFileReference; lastKnownFileType = sourcecode.swift; path = ModelData.swift; sourceTree = "<group>"; };
		0449B1DA29E8DF0B00A5F74F /* LandmarkRow.swift */ = {isa = PBXFileReference; lastKnownFileType = sourcecode.swift; path = LandmarkRow.swift; sourceTree = "<group>"; };
		0449B1DC29E8E2BA00A5F74F /* LandmarkList.swift */ = {isa = PBXFileReference; lastKnownFileType = sourcecode.swift; path = LandmarkList.swift; sourceTree = "<group>"; };
		0449B1DE29E8E43200A5F74F /* LandmarkDetail.swift */ = {isa = PBXFileReference; lastKnownFileType = sourcecode.swift; path = LandmarkDetail.swift; sourceTree = "<group>"; };
		0449B1E029E8EFC200A5F74F /* FavoriteButton.swift */ = {isa = PBXFileReference; lastKnownFileType = sourcecode.swift; path = FavoriteButton.swift; sourceTree = "<group>"; };
		0449B1E429E8F20500A5F74F /* HexagonParameters.swift */ = {isa = PBXFileReference; lastKnownFileType = sourcecode.swift; path = HexagonParameters.swift; sourceTree = "<group>"; };
		0449B1E629E8F31C00A5F74F /* BadgeBackground.swift */ = {isa = PBXFileReference; lastKnownFileType = sourcecode.swift; path = BadgeBackground.swift; sourceTree = "<group>"; };
		0449B1E829E8F6CA00A5F74F /* BadgeSymbol.swift */ = {isa = PBXFileReference; lastKnownFileType = sourcecode.swift; path = BadgeSymbol.swift; sourceTree = "<group>"; };
		0449B1EA29E8F75D00A5F74F /* RotatedBadgeSymbol.swift */ = {isa = PBXFileReference; lastKnownFileType = sourcecode.swift; path = RotatedBadgeSymbol.swift; sourceTree = "<group>"; };
		0449B1EC29E8F7F400A5F74F /* Badge.swift */ = {isa = PBXFileReference; lastKnownFileType = sourcecode.swift; path = Badge.swift; sourceTree = "<group>"; };
		0449B1F129E8F9C800A5F74F /* Hike.swift */ = {isa = PBXFileReference; lastKnownFileType = sourcecode.swift; path = Hike.swift; sourceTree = "<group>"; };
		0449B20529E8FBA900A5F74F /* hikeData.json */ = {isa = PBXFileReference; fileEncoding = 4; lastKnownFileType = text.json; path = hikeData.json; sourceTree = "<group>"; };
		0449B21029EE200D00A5F74F /* GraphCapsule.swift */ = {isa = PBXFileReference; lastKnownFileType = sourcecode.swift; path = GraphCapsule.swift; sourceTree = "<group>"; };
		0449B21229EE207800A5F74F /* HikeView.swift */ = {isa = PBXFileReference; lastKnownFileType = sourcecode.swift; path = HikeView.swift; sourceTree = "<group>"; };
		0449B21429EE20AC00A5F74F /* HikeDetail.swift */ = {isa = PBXFileReference; lastKnownFileType = sourcecode.swift; path = HikeDetail.swift; sourceTree = "<group>"; };
		0449B21629EE20D600A5F74F /* HikeGraph.swift */ = {isa = PBXFileReference; lastKnownFileType = sourcecode.swift; path = HikeGraph.swift; sourceTree = "<group>"; };
		0449B21929EE22DC00A5F74F /* CategoryHome.swift */ = {isa = PBXFileReference; lastKnownFileType = sourcecode.swift; path = CategoryHome.swift; sourceTree = "<group>"; };
		0449B21B29EE24E000A5F74F /* CategoryRow.swift */ = {isa = PBXFileReference; lastKnownFileType = sourcecode.swift; path = CategoryRow.swift; sourceTree = "<group>"; };
		0449B21D29EE267B00A5F74F /* CategoryItem.swift */ = {isa = PBXFileReference; lastKnownFileType = sourcecode.swift; path = CategoryItem.swift; sourceTree = "<group>"; };
		0449B21F29EE2A6100A5F74F /* Profile.swift */ = {isa = PBXFileReference; lastKnownFileType = sourcecode.swift; path = Profile.swift; sourceTree = "<group>"; };
		0449B22229EE2B5400A5F74F /* ProfileHost.swift */ = {isa = PBXFileReference; lastKnownFileType = sourcecode.swift; path = ProfileHost.swift; sourceTree = "<group>"; };
		0449B22429EE2B7500A5F74F /* ProfileSummary.swift */ = {isa = PBXFileReference; lastKnownFileType = sourcecode.swift; path = ProfileSummary.swift; sourceTree = "<group>"; };
		0449B22629EE2CF200A5F74F /* HikeBadge.swift */ = {isa = PBXFileReference; lastKnownFileType = sourcecode.swift; path = HikeBadge.swift; sourceTree = "<group>"; };
/* End PBXFileReference section */

/* Begin PBXFrameworksBuildPhase section */
		041E014029F14DDB009C4A8E /* Frameworks */ = {
			isa = PBXFrameworksBuildPhase;
			buildActionMask = 2147483647;
			files = (
			);
			runOnlyForDeploymentPostprocessing = 0;
		};
		041E015529F14DE0009C4A8E /* Frameworks */ = {
			isa = PBXFrameworksBuildPhase;
			buildActionMask = 2147483647;
			files = (
			);
			runOnlyForDeploymentPostprocessing = 0;
		};
		041E015F29F14DE0009C4A8E /* Frameworks */ = {
			isa = PBXFrameworksBuildPhase;
			buildActionMask = 2147483647;
			files = (
			);
			runOnlyForDeploymentPostprocessing = 0;
		};
		0449B19329E4EEF200A5F74F /* Frameworks */ = {
			isa = PBXFrameworksBuildPhase;
			buildActionMask = 2147483647;
			files = (
			);
			runOnlyForDeploymentPostprocessing = 0;
		};
		0449B1A829E4EEF600A5F74F /* Frameworks */ = {
			isa = PBXFrameworksBuildPhase;
			buildActionMask = 2147483647;
			files = (
			);
			runOnlyForDeploymentPostprocessing = 0;
		};
		0449B1B229E4EEF600A5F74F /* Frameworks */ = {
			isa = PBXFrameworksBuildPhase;
			buildActionMask = 2147483647;
			files = (
			);
			runOnlyForDeploymentPostprocessing = 0;
		};
/* End PBXFrameworksBuildPhase section */

/* Begin PBXGroup section */
		041E014429F14DDB009C4A8E /* MacLandmarks */ = {
			isa = PBXGroup;
			children = (
				041E014729F14DDC009C4A8E /* ContentView.swift */,
				041E014929F14DDF009C4A8E /* Assets.xcassets */,
				041E014E29F14DDF009C4A8E /* Persistence.swift */,
				041E015329F14DDF009C4A8E /* MacLandmarks.entitlements */,
				041E015029F14DDF009C4A8E /* MacLandmarks.xcdatamodeld */,
				041E014B29F14DDF009C4A8E /* Preview Content */,
				0448EA5F29F9546800CE50EF /* LandmarkDetail.swift */,
			);
			path = MacLandmarks;
			sourceTree = "<group>";
		};
		041E014B29F14DDF009C4A8E /* Preview Content */ = {
			isa = PBXGroup;
			children = (
				041E014C29F14DDF009C4A8E /* Preview Assets.xcassets */,
			);
			path = "Preview Content";
			sourceTree = "<group>";
		};
		041E015B29F14DE0009C4A8E /* MacLandmarksTests */ = {
			isa = PBXGroup;
			children = (
				041E015C29F14DE0009C4A8E /* MacLandmarksTests.swift */,
			);
			path = MacLandmarksTests;
			sourceTree = "<group>";
		};
		041E016529F14DE0009C4A8E /* MacLandmarksUITests */ = {
			isa = PBXGroup;
			children = (
				041E016629F14DE0009C4A8E /* MacLandmarksUITests.swift */,
				041E016829F14DE0009C4A8E /* MacLandmarksUITestsLaunchTests.swift */,
			);
			path = MacLandmarksUITests;
			sourceTree = "<group>";
		};
		0421B32429EE36A700E917CE /* PageView */ = {
			isa = PBXGroup;
			children = (
				0421B32529EE36C800E917CE /* PageViewController.swift */,
				0421B32729EE393200E917CE /* FeatureCard.swift */,
				0421B32929EE399A00E917CE /* PageView.swift */,
				041E013D29F0BC44009C4A8E /* PageControl.swift */,
			);
			path = PageView;
			sourceTree = "<group>";
		};
		0449B18D29E4EEF200A5F74F = {
			isa = PBXGroup;
			children = (
				0449B19829E4EEF200A5F74F /* 0706012110003 - Jason Emanuel S - AFL 3 */,
				0449B1AE29E4EEF600A5F74F /* 0706012110003 - Jason Emanuel S - AFL 3Tests */,
				0449B1B829E4EEF600A5F74F /* 0706012110003 - Jason Emanuel S - AFL 3UITests */,
				041E014429F14DDB009C4A8E /* MacLandmarks */,
				041E015B29F14DE0009C4A8E /* MacLandmarksTests */,
				041E016529F14DE0009C4A8E /* MacLandmarksUITests */,
				0449B19729E4EEF200A5F74F /* Products */,
			);
			sourceTree = "<group>";
		};
		0449B19729E4EEF200A5F74F /* Products */ = {
			isa = PBXGroup;
			children = (
				0449B19629E4EEF200A5F74F /* 0706012110003 - Jason Emanuel S - AFL 3.app */,
				0449B1AB29E4EEF600A5F74F /* 0706012110003 - Jason Emanuel S - AFL 3Tests.xctest */,
				0449B1B529E4EEF600A5F74F /* 0706012110003 - Jason Emanuel S - AFL 3UITests.xctest */,
				041E014329F14DDB009C4A8E /* MacLandmarks.app */,
				041E015829F14DE0009C4A8E /* MacLandmarksTests.xctest */,
				041E016229F14DE0009C4A8E /* MacLandmarksUITests.xctest */,
			);
			name = Products;
			sourceTree = "<group>";
		};
		0449B19829E4EEF200A5F74F /* 0706012110003 - Jason Emanuel S - AFL 3 */ = {
			isa = PBXGroup;
			children = (
				0449B19929E4EEF200A5F74F /* _706012110003___Jason_Emanuel_S___AFL_3App.swift */,
				0449B1D929E8DE9A00A5F74F /* Resources */,
				0449B1D729E8DDF200A5F74F /* Models */,
				0449B1D529E8DDAE00A5F74F /* Views */,
				0449B19D29E4EEF500A5F74F /* Assets.xcassets */,
				0449B1A229E4EEF500A5F74F /* Persistence.swift */,
				0449B1A429E4EEF500A5F74F /* _706012110003___Jason_Emanuel_S___AFL_3.xcdatamodeld */,
				0449B19F29E4EEF500A5F74F /* Preview Content */,
			);
			path = "0706012110003 - Jason Emanuel S - AFL 3";
			sourceTree = "<group>";
		};
		0449B19F29E4EEF500A5F74F /* Preview Content */ = {
			isa = PBXGroup;
			children = (
				0449B1A029E4EEF500A5F74F /* Preview Assets.xcassets */,
			);
			path = "Preview Content";
			sourceTree = "<group>";
		};
		0449B1AE29E4EEF600A5F74F /* 0706012110003 - Jason Emanuel S - AFL 3Tests */ = {
			isa = PBXGroup;
			children = (
				0449B1AF29E4EEF600A5F74F /* _706012110003___Jason_Emanuel_S___AFL_3Tests.swift */,
			);
			path = "0706012110003 - Jason Emanuel S - AFL 3Tests";
			sourceTree = "<group>";
		};
		0449B1B829E4EEF600A5F74F /* 0706012110003 - Jason Emanuel S - AFL 3UITests */ = {
			isa = PBXGroup;
			children = (
				0449B1B929E4EEF600A5F74F /* _706012110003___Jason_Emanuel_S___AFL_3UITests.swift */,
				0449B1BB29E4EEF600A5F74F /* _706012110003___Jason_Emanuel_S___AFL_3UITestsLaunchTests.swift */,
			);
			path = "0706012110003 - Jason Emanuel S - AFL 3UITests";
			sourceTree = "<group>";
		};
		0449B1D529E8DDAE00A5F74F /* Views */ = {
			isa = PBXGroup;
			children = (
				0449B19B29E4EEF200A5F74F /* ContentView.swift */,
				0421B32429EE36A700E917CE /* PageView */,
				0449B22129EE2B3A00A5F74F /* Profiles */,
				0449B21829EE22C200A5F74F /* Categories */,
				0449B20F29EE1FF300A5F74F /* Hikes */,
				0449B1EE29E8F8F600A5F74F /* Badges */,
				0449B1E329E8F0DB00A5F74F /* Landmarks */,
				0449B1E229E8F0B000A5F74F /* Helpers */,
			);
			path = Views;
			sourceTree = "<group>";
		};
		0449B1D729E8DDF200A5F74F /* Models */ = {
			isa = PBXGroup;
			children = (
				0449B1CE29E8D81200A5F74F /* Landmark.swift */,
				0449B1D229E8DAB000A5F74F /* ModelData.swift */,
				0449B1F129E8F9C800A5F74F /* Hike.swift */,
				0449B21F29EE2A6100A5F74F /* Profile.swift */,
			);
			path = Models;
			sourceTree = "<group>";
		};
		0449B1D929E8DE9A00A5F74F /* Resources */ = {
			isa = PBXGroup;
			children = (
				0449B20529E8FBA900A5F74F /* hikeData.json */,
				0449B1CC29E8D7F800A5F74F /* landmarkData.json */,
			);
			path = Resources;
			sourceTree = "<group>";
		};
		0449B1E229E8F0B000A5F74F /* Helpers */ = {
			isa = PBXGroup;
			children = (
				0449B1C829E4F51400A5F74F /* CircleImage.swift */,
				0449B1CA29E4F61E00A5F74F /* MapView.swift */,
				0449B1E029E8EFC200A5F74F /* FavoriteButton.swift */,
			);
			path = Helpers;
			sourceTree = "<group>";
		};
		0449B1E329E8F0DB00A5F74F /* Landmarks */ = {
			isa = PBXGroup;
			children = (
				0449B1DC29E8E2BA00A5F74F /* LandmarkList.swift */,
				0449B1DA29E8DF0B00A5F74F /* LandmarkRow.swift */,
				0449B1DE29E8E43200A5F74F /* LandmarkDetail.swift */,
			);
			path = Landmarks;
			sourceTree = "<group>";
		};
		0449B1EE29E8F8F600A5F74F /* Badges */ = {
			isa = PBXGroup;
			children = (
				0449B1EC29E8F7F400A5F74F /* Badge.swift */,
				0449B1E629E8F31C00A5F74F /* BadgeBackground.swift */,
				0449B1E829E8F6CA00A5F74F /* BadgeSymbol.swift */,
				0449B1EA29E8F75D00A5F74F /* RotatedBadgeSymbol.swift */,
				0449B1E429E8F20500A5F74F /* HexagonParameters.swift */,
			);
			path = Badges;
			sourceTree = "<group>";
		};
		0449B20F29EE1FF300A5F74F /* Hikes */ = {
			isa = PBXGroup;
			children = (
				0449B21029EE200D00A5F74F /* GraphCapsule.swift */,
				0449B21229EE207800A5F74F /* HikeView.swift */,
				0449B21429EE20AC00A5F74F /* HikeDetail.swift */,
				0449B21629EE20D600A5F74F /* HikeGraph.swift */,
				0449B22629EE2CF200A5F74F /* HikeBadge.swift */,
			);
			path = Hikes;
			sourceTree = "<group>";
		};
		0449B21829EE22C200A5F74F /* Categories */ = {
			isa = PBXGroup;
			children = (
				0449B21929EE22DC00A5F74F /* CategoryHome.swift */,
				0449B21B29EE24E000A5F74F /* CategoryRow.swift */,
				0449B21D29EE267B00A5F74F /* CategoryItem.swift */,
			);
			path = Categories;
			sourceTree = "<group>";
		};
		0449B22129EE2B3A00A5F74F /* Profiles */ = {
			isa = PBXGroup;
			children = (
				0449B22229EE2B5400A5F74F /* ProfileHost.swift */,
				0449B22429EE2B7500A5F74F /* ProfileSummary.swift */,
				0421B32229EE334500E917CE /* ProfileEditor.swift */,
			);
			path = Profiles;
			sourceTree = "<group>";
		};
/* End PBXGroup section */

/* Begin PBXNativeTarget section */
		041E014229F14DDB009C4A8E /* MacLandmarks */ = {
			isa = PBXNativeTarget;
			buildConfigurationList = 041E016A29F14DE0009C4A8E /* Build configuration list for PBXNativeTarget "MacLandmarks" */;
			buildPhases = (
				041E013F29F14DDB009C4A8E /* Sources */,
				041E014029F14DDB009C4A8E /* Frameworks */,
				041E014129F14DDB009C4A8E /* Resources */,
			);
			buildRules = (
			);
			dependencies = (
			);
			name = MacLandmarks;
			productName = MacLandmarks;
			productReference = 041E014329F14DDB009C4A8E /* MacLandmarks.app */;
			productType = "com.apple.product-type.application";
		};
		041E015729F14DE0009C4A8E /* MacLandmarksTests */ = {
			isa = PBXNativeTarget;
			buildConfigurationList = 041E016D29F14DE0009C4A8E /* Build configuration list for PBXNativeTarget "MacLandmarksTests" */;
			buildPhases = (
				041E015429F14DE0009C4A8E /* Sources */,
				041E015529F14DE0009C4A8E /* Frameworks */,
				041E015629F14DE0009C4A8E /* Resources */,
			);
			buildRules = (
			);
			dependencies = (
				041E015A29F14DE0009C4A8E /* PBXTargetDependency */,
			);
			name = MacLandmarksTests;
			productName = MacLandmarksTests;
			productReference = 041E015829F14DE0009C4A8E /* MacLandmarksTests.xctest */;
			productType = "com.apple.product-type.bundle.unit-test";
		};
		041E016129F14DE0009C4A8E /* MacLandmarksUITests */ = {
			isa = PBXNativeTarget;
			buildConfigurationList = 041E017029F14DE0009C4A8E /* Build configuration list for PBXNativeTarget "MacLandmarksUITests" */;
			buildPhases = (
				041E015E29F14DE0009C4A8E /* Sources */,
				041E015F29F14DE0009C4A8E /* Frameworks */,
				041E016029F14DE0009C4A8E /* Resources */,
			);
			buildRules = (
			);
			dependencies = (
				041E016429F14DE0009C4A8E /* PBXTargetDependency */,
			);
			name = MacLandmarksUITests;
			productName = MacLandmarksUITests;
			productReference = 041E016229F14DE0009C4A8E /* MacLandmarksUITests.xctest */;
			productType = "com.apple.product-type.bundle.ui-testing";
		};
		0449B19529E4EEF200A5F74F /* 0706012110003 - Jason Emanuel S - AFL 3 */ = {
			isa = PBXNativeTarget;
			buildConfigurationList = 0449B1BF29E4EEF600A5F74F /* Build configuration list for PBXNativeTarget "0706012110003 - Jason Emanuel S - AFL 3" */;
			buildPhases = (
				0449B19229E4EEF200A5F74F /* Sources */,
				0449B19329E4EEF200A5F74F /* Frameworks */,
				0449B19429E4EEF200A5F74F /* Resources */,
			);
			buildRules = (
			);
			dependencies = (
			);
			name = "0706012110003 - Jason Emanuel S - AFL 3";
			productName = "0706012110003 - Jason Emanuel S - AFL 3";
			productReference = 0449B19629E4EEF200A5F74F /* 0706012110003 - Jason Emanuel S - AFL 3.app */;
			productType = "com.apple.product-type.application";
		};
		0449B1AA29E4EEF600A5F74F /* 0706012110003 - Jason Emanuel S - AFL 3Tests */ = {
			isa = PBXNativeTarget;
			buildConfigurationList = 0449B1C229E4EEF600A5F74F /* Build configuration list for PBXNativeTarget "0706012110003 - Jason Emanuel S - AFL 3Tests" */;
			buildPhases = (
				0449B1A729E4EEF600A5F74F /* Sources */,
				0449B1A829E4EEF600A5F74F /* Frameworks */,
				0449B1A929E4EEF600A5F74F /* Resources */,
			);
			buildRules = (
			);
			dependencies = (
				0449B1AD29E4EEF600A5F74F /* PBXTargetDependency */,
			);
			name = "0706012110003 - Jason Emanuel S - AFL 3Tests";
			productName = "0706012110003 - Jason Emanuel S - AFL 3Tests";
			productReference = 0449B1AB29E4EEF600A5F74F /* 0706012110003 - Jason Emanuel S - AFL 3Tests.xctest */;
			productType = "com.apple.product-type.bundle.unit-test";
		};
		0449B1B429E4EEF600A5F74F /* 0706012110003 - Jason Emanuel S - AFL 3UITests */ = {
			isa = PBXNativeTarget;
			buildConfigurationList = 0449B1C529E4EEF600A5F74F /* Build configuration list for PBXNativeTarget "0706012110003 - Jason Emanuel S - AFL 3UITests" */;
			buildPhases = (
				0449B1B129E4EEF600A5F74F /* Sources */,
				0449B1B229E4EEF600A5F74F /* Frameworks */,
				0449B1B329E4EEF600A5F74F /* Resources */,
			);
			buildRules = (
			);
			dependencies = (
				0449B1B729E4EEF600A5F74F /* PBXTargetDependency */,
			);
			name = "0706012110003 - Jason Emanuel S - AFL 3UITests";
			productName = "0706012110003 - Jason Emanuel S - AFL 3UITests";
			productReference = 0449B1B529E4EEF600A5F74F /* 0706012110003 - Jason Emanuel S - AFL 3UITests.xctest */;
			productType = "com.apple.product-type.bundle.ui-testing";
		};
/* End PBXNativeTarget section */

/* Begin PBXProject section */
		0449B18E29E4EEF200A5F74F /* Project object */ = {
			isa = PBXProject;
			attributes = {
				BuildIndependentTargetsInParallel = 1;
				LastSwiftUpdateCheck = 1420;
				LastUpgradeCheck = 1420;
				TargetAttributes = {
					041E014229F14DDB009C4A8E = {
						CreatedOnToolsVersion = 14.2;
					};
					041E015729F14DE0009C4A8E = {
						CreatedOnToolsVersion = 14.2;
						TestTargetID = 041E014229F14DDB009C4A8E;
					};
					041E016129F14DE0009C4A8E = {
						CreatedOnToolsVersion = 14.2;
						TestTargetID = 041E014229F14DDB009C4A8E;
					};
					0449B19529E4EEF200A5F74F = {
						CreatedOnToolsVersion = 14.2;
					};
					0449B1AA29E4EEF600A5F74F = {
						CreatedOnToolsVersion = 14.2;
						TestTargetID = 0449B19529E4EEF200A5F74F;
					};
					0449B1B429E4EEF600A5F74F = {
						CreatedOnToolsVersion = 14.2;
						TestTargetID = 0449B19529E4EEF200A5F74F;
					};
				};
			};
			buildConfigurationList = 0449B19129E4EEF200A5F74F /* Build configuration list for PBXProject "0706012110003 - Jason Emanuel S - AFL 3" */;
			compatibilityVersion = "Xcode 14.0";
			developmentRegion = en;
			hasScannedForEncodings = 0;
			knownRegions = (
				en,
				Base,
			);
			mainGroup = 0449B18D29E4EEF200A5F74F;
			productRefGroup = 0449B19729E4EEF200A5F74F /* Products */;
			projectDirPath = "";
			projectRoot = "";
			targets = (
				0449B19529E4EEF200A5F74F /* 0706012110003 - Jason Emanuel S - AFL 3 */,
				0449B1AA29E4EEF600A5F74F /* 0706012110003 - Jason Emanuel S - AFL 3Tests */,
				0449B1B429E4EEF600A5F74F /* 0706012110003 - Jason Emanuel S - AFL 3UITests */,
				041E014229F14DDB009C4A8E /* MacLandmarks */,
				041E015729F14DE0009C4A8E /* MacLandmarksTests */,
				041E016129F14DE0009C4A8E /* MacLandmarksUITests */,
			);
		};
/* End PBXProject section */

/* Begin PBXResourcesBuildPhase section */
		041E014129F14DDB009C4A8E /* Resources */ = {
			isa = PBXResourcesBuildPhase;
			buildActionMask = 2147483647;
			files = (
				041E014D29F14DDF009C4A8E /* Preview Assets.xcassets in Resources */,
				0448EA5B29F9533B00CE50EF /* landmarkData.json in Resources */,
				0448EA5A29F9533B00CE50EF /* Assets.xcassets in Resources */,
				041E014A29F14DDF009C4A8E /* Assets.xcassets in Resources */,
				0448EA5C29F9533B00CE50EF /* hikeData.json in Resources */,
			);
			runOnlyForDeploymentPostprocessing = 0;
		};
		041E015629F14DE0009C4A8E /* Resources */ = {
			isa = PBXResourcesBuildPhase;
			buildActionMask = 2147483647;
			files = (
			);
			runOnlyForDeploymentPostprocessing = 0;
		};
		041E016029F14DE0009C4A8E /* Resources */ = {
			isa = PBXResourcesBuildPhase;
			buildActionMask = 2147483647;
			files = (
			);
			runOnlyForDeploymentPostprocessing = 0;
		};
		0449B19429E4EEF200A5F74F /* Resources */ = {
			isa = PBXResourcesBuildPhase;
			buildActionMask = 2147483647;
			files = (
				0449B20629E8FBA900A5F74F /* hikeData.json in Resources */,
				0449B1A129E4EEF500A5F74F /* Preview Assets.xcassets in Resources */,
				0449B19E29E4EEF500A5F74F /* Assets.xcassets in Resources */,
				0449B1CD29E8D7F900A5F74F /* landmarkData.json in Resources */,
			);
			runOnlyForDeploymentPostprocessing = 0;
		};
		0449B1A929E4EEF600A5F74F /* Resources */ = {
			isa = PBXResourcesBuildPhase;
			buildActionMask = 2147483647;
			files = (
			);
			runOnlyForDeploymentPostprocessing = 0;
		};
		0449B1B329E4EEF600A5F74F /* Resources */ = {
			isa = PBXResourcesBuildPhase;
			buildActionMask = 2147483647;
			files = (
			);
			runOnlyForDeploymentPostprocessing = 0;
		};
/* End PBXResourcesBuildPhase section */

/* Begin PBXSourcesBuildPhase section */
		041E013F29F14DDB009C4A8E /* Sources */ = {
			isa = PBXSourcesBuildPhase;
			buildActionMask = 2147483647;
			files = (
				0448EA5E29F9533B00CE50EF /* Landmark.swift in Sources */,
				041E014F29F14DDF009C4A8E /* Persistence.swift in Sources */,
				0448EA5829F9533B00CE50EF /* Profile.swift in Sources */,
				0448EA5229F9533B00CE50EF /* CircleImage.swift in Sources */,
				0448EA5929F9533B00CE50EF /* MapView.swift in Sources */,
				0448EA5429F9533B00CE50EF /* _706012110003___Jason_Emanuel_S___AFL_3App.swift in Sources */,
				0448EA6029F9546800CE50EF /* LandmarkDetail.swift in Sources */,
				041E014829F14DDC009C4A8E /* ContentView.swift in Sources */,
				0448EA5329F9533B00CE50EF /* FavoriteButton.swift in Sources */,
				0448EA5D29F9533B00CE50EF /* LandmarkList.swift in Sources */,
				0448EA5629F9533B00CE50EF /* ModelData.swift in Sources */,
				0448EA5729F9533B00CE50EF /* Hike.swift in Sources */,
				0448EA5529F9533B00CE50EF /* LandmarkRow.swift in Sources */,
				041E015229F14DDF009C4A8E /* MacLandmarks.xcdatamodeld in Sources */,
			);
			runOnlyForDeploymentPostprocessing = 0;
		};
		041E015429F14DE0009C4A8E /* Sources */ = {
			isa = PBXSourcesBuildPhase;
			buildActionMask = 2147483647;
			files = (
				041E015D29F14DE0009C4A8E /* MacLandmarksTests.swift in Sources */,
			);
			runOnlyForDeploymentPostprocessing = 0;
		};
		041E015E29F14DE0009C4A8E /* Sources */ = {
			isa = PBXSourcesBuildPhase;
			buildActionMask = 2147483647;
			files = (
				041E016929F14DE0009C4A8E /* MacLandmarksUITestsLaunchTests.swift in Sources */,
				041E016729F14DE0009C4A8E /* MacLandmarksUITests.swift in Sources */,
			);
			runOnlyForDeploymentPostprocessing = 0;
		};
		0449B19229E4EEF200A5F74F /* Sources */ = {
			isa = PBXSourcesBuildPhase;
			buildActionMask = 2147483647;
			files = (
				0449B1CF29E8D81200A5F74F /* Landmark.swift in Sources */,
				0449B21729EE20D600A5F74F /* HikeGraph.swift in Sources */,
				0421B32329EE334500E917CE /* ProfileEditor.swift in Sources */,
				0449B22529EE2B7500A5F74F /* ProfileSummary.swift in Sources */,
				0449B1ED29E8F7F400A5F74F /* Badge.swift in Sources */,
				0449B22029EE2A6100A5F74F /* Profile.swift in Sources */,
				0449B1A329E4EEF500A5F74F /* Persistence.swift in Sources */,
				0449B1CB29E4F61E00A5F74F /* MapView.swift in Sources */,
				0449B22329EE2B5400A5F74F /* ProfileHost.swift in Sources */,
				0449B1E129E8EFC200A5F74F /* FavoriteButton.swift in Sources */,
				0449B19C29E4EEF200A5F74F /* ContentView.swift in Sources */,
				0449B1F229E8F9C800A5F74F /* Hike.swift in Sources */,
				0449B1A629E4EEF500A5F74F /* _706012110003___Jason_Emanuel_S___AFL_3.xcdatamodeld in Sources */,
				0449B1D329E8DAB000A5F74F /* ModelData.swift in Sources */,
				0421B32629EE36C800E917CE /* PageViewController.swift in Sources */,
				0449B21C29EE24E000A5F74F /* CategoryRow.swift in Sources */,
				0449B19A29E4EEF200A5F74F /* _706012110003___Jason_Emanuel_S___AFL_3App.swift in Sources */,
				0449B1E929E8F6CA00A5F74F /* BadgeSymbol.swift in Sources */,
				0421B32829EE393200E917CE /* FeatureCard.swift in Sources */,
				0421B32A29EE399A00E917CE /* PageView.swift in Sources */,
				0449B21529EE20AC00A5F74F /* HikeDetail.swift in Sources */,
				0449B1C929E4F51400A5F74F /* CircleImage.swift in Sources */,
				0449B1E729E8F31C00A5F74F /* BadgeBackground.swift in Sources */,
				0449B21329EE207800A5F74F /* HikeView.swift in Sources */,
				0449B1E529E8F20500A5F74F /* HexagonParameters.swift in Sources */,
				0449B22729EE2CF200A5F74F /* HikeBadge.swift in Sources */,
				0449B21E29EE267B00A5F74F /* CategoryItem.swift in Sources */,
				0449B1DB29E8DF0B00A5F74F /* LandmarkRow.swift in Sources */,
				0449B1DD29E8E2BA00A5F74F /* LandmarkList.swift in Sources */,
				0449B1DF29E8E43200A5F74F /* LandmarkDetail.swift in Sources */,
				0449B21129EE200D00A5F74F /* GraphCapsule.swift in Sources */,
				0449B21A29EE22DC00A5F74F /* CategoryHome.swift in Sources */,
				041E013E29F0BC45009C4A8E /* PageControl.swift in Sources */,
				0449B1EB29E8F75D00A5F74F /* RotatedBadgeSymbol.swift in Sources */,
			);
			runOnlyForDeploymentPostprocessing = 0;
		};
		0449B1A729E4EEF600A5F74F /* Sources */ = {
			isa = PBXSourcesBuildPhase;
			buildActionMask = 2147483647;
			files = (
				0449B1B029E4EEF600A5F74F /* _706012110003___Jason_Emanuel_S___AFL_3Tests.swift in Sources */,
			);
			runOnlyForDeploymentPostprocessing = 0;
		};
		0449B1B129E4EEF600A5F74F /* Sources */ = {
			isa = PBXSourcesBuildPhase;
			buildActionMask = 2147483647;
			files = (
				0449B1BA29E4EEF600A5F74F /* _706012110003___Jason_Emanuel_S___AFL_3UITests.swift in Sources */,
				0449B1BC29E4EEF600A5F74F /* _706012110003___Jason_Emanuel_S___AFL_3UITestsLaunchTests.swift in Sources */,
			);
			runOnlyForDeploymentPostprocessing = 0;
		};
/* End PBXSourcesBuildPhase section */

/* Begin PBXTargetDependency section */
		041E015A29F14DE0009C4A8E /* PBXTargetDependency */ = {
			isa = PBXTargetDependency;
			target = 041E014229F14DDB009C4A8E /* MacLandmarks */;
			targetProxy = 041E015929F14DE0009C4A8E /* PBXContainerItemProxy */;
		};
		041E016429F14DE0009C4A8E /* PBXTargetDependency */ = {
			isa = PBXTargetDependency;
			target = 041E014229F14DDB009C4A8E /* MacLandmarks */;
			targetProxy = 041E016329F14DE0009C4A8E /* PBXContainerItemProxy */;
		};
		0449B1AD29E4EEF600A5F74F /* PBXTargetDependency */ = {
			isa = PBXTargetDependency;
			target = 0449B19529E4EEF200A5F74F /* 0706012110003 - Jason Emanuel S - AFL 3 */;
			targetProxy = 0449B1AC29E4EEF600A5F74F /* PBXContainerItemProxy */;
		};
		0449B1B729E4EEF600A5F74F /* PBXTargetDependency */ = {
			isa = PBXTargetDependency;
			target = 0449B19529E4EEF200A5F74F /* 0706012110003 - Jason Emanuel S - AFL 3 */;
			targetProxy = 0449B1B629E4EEF600A5F74F /* PBXContainerItemProxy */;
		};
/* End PBXTargetDependency section */

/* Begin XCBuildConfiguration section */
		041E016B29F14DE0009C4A8E /* Debug */ = {
			isa = XCBuildConfiguration;
			buildSettings = {
				ASSETCATALOG_COMPILER_APPICON_NAME = AppIcon;
				ASSETCATALOG_COMPILER_GLOBAL_ACCENT_COLOR_NAME = AccentColor;
				CODE_SIGN_ENTITLEMENTS = MacLandmarks/MacLandmarks.entitlements;
				CODE_SIGN_STYLE = Automatic;
				COMBINE_HIDPI_IMAGES = YES;
				CURRENT_PROJECT_VERSION = 1;
				DEVELOPMENT_ASSET_PATHS = "\"MacLandmarks/Preview Content\"";
				DEVELOPMENT_TEAM = 72R73HP2PG;
				ENABLE_HARDENED_RUNTIME = YES;
				ENABLE_PREVIEWS = YES;
				GENERATE_INFOPLIST_FILE = YES;
				INFOPLIST_KEY_NSHumanReadableCopyright = "";
				LD_RUNPATH_SEARCH_PATHS = (
					"$(inherited)",
					"@executable_path/../Frameworks",
				);
				MACOSX_DEPLOYMENT_TARGET = 13.1;
				MARKETING_VERSION = 1.0;
				PRODUCT_BUNDLE_IDENTIFIER = MobileApp.MacLandmarks;
				PRODUCT_NAME = "$(TARGET_NAME)";
				SDKROOT = macosx;
				SWIFT_EMIT_LOC_STRINGS = YES;
				SWIFT_VERSION = 5.0;
			};
			name = Debug;
		};
		041E016C29F14DE0009C4A8E /* Release */ = {
			isa = XCBuildConfiguration;
			buildSettings = {
				ASSETCATALOG_COMPILER_APPICON_NAME = AppIcon;
				ASSETCATALOG_COMPILER_GLOBAL_ACCENT_COLOR_NAME = AccentColor;
				CODE_SIGN_ENTITLEMENTS = MacLandmarks/MacLandmarks.entitlements;
				CODE_SIGN_STYLE = Automatic;
				COMBINE_HIDPI_IMAGES = YES;
				CURRENT_PROJECT_VERSION = 1;
				DEVELOPMENT_ASSET_PATHS = "\"MacLandmarks/Preview Content\"";
				DEVELOPMENT_TEAM = 72R73HP2PG;
				ENABLE_HARDENED_RUNTIME = YES;
				ENABLE_PREVIEWS = YES;
				GENERATE_INFOPLIST_FILE = YES;
				INFOPLIST_KEY_NSHumanReadableCopyright = "";
				LD_RUNPATH_SEARCH_PATHS = (
					"$(inherited)",
					"@executable_path/../Frameworks",
				);
				MACOSX_DEPLOYMENT_TARGET = 13.1;
				MARKETING_VERSION = 1.0;
				PRODUCT_BUNDLE_IDENTIFIER = MobileApp.MacLandmarks;
				PRODUCT_NAME = "$(TARGET_NAME)";
				SDKROOT = macosx;
				SWIFT_EMIT_LOC_STRINGS = YES;
				SWIFT_VERSION = 5.0;
			};
			name = Release;
		};
		041E016E29F14DE0009C4A8E /* Debug */ = {
			isa = XCBuildConfiguration;
			buildSettings = {
				ALWAYS_EMBED_SWIFT_STANDARD_LIBRARIES = YES;
				BUNDLE_LOADER = "$(TEST_HOST)";
				CODE_SIGN_STYLE = Automatic;
				CURRENT_PROJECT_VERSION = 1;
				DEVELOPMENT_TEAM = 72R73HP2PG;
				GENERATE_INFOPLIST_FILE = YES;
				MACOSX_DEPLOYMENT_TARGET = 13.1;
				MARKETING_VERSION = 1.0;
				PRODUCT_BUNDLE_IDENTIFIER = MobileApp.MacLandmarksTests;
				PRODUCT_NAME = "$(TARGET_NAME)";
				SDKROOT = macosx;
				SWIFT_EMIT_LOC_STRINGS = NO;
				SWIFT_VERSION = 5.0;
				TEST_HOST = "$(BUILT_PRODUCTS_DIR)/MacLandmarks.app/$(BUNDLE_EXECUTABLE_FOLDER_PATH)/MacLandmarks";
			};
			name = Debug;
		};
		041E016F29F14DE0009C4A8E /* Release */ = {
			isa = XCBuildConfiguration;
			buildSettings = {
				ALWAYS_EMBED_SWIFT_STANDARD_LIBRARIES = YES;
				BUNDLE_LOADER = "$(TEST_HOST)";
				CODE_SIGN_STYLE = Automatic;
				CURRENT_PROJECT_VERSION = 1;
				DEVELOPMENT_TEAM = 72R73HP2PG;
				GENERATE_INFOPLIST_FILE = YES;
				MACOSX_DEPLOYMENT_TARGET = 13.1;
				MARKETING_VERSION = 1.0;
				PRODUCT_BUNDLE_IDENTIFIER = MobileApp.MacLandmarksTests;
				PRODUCT_NAME = "$(TARGET_NAME)";
				SDKROOT = macosx;
				SWIFT_EMIT_LOC_STRINGS = NO;
				SWIFT_VERSION = 5.0;
				TEST_HOST = "$(BUILT_PRODUCTS_DIR)/MacLandmarks.app/$(BUNDLE_EXECUTABLE_FOLDER_PATH)/MacLandmarks";
			};
			name = Release;
		};
		041E017129F14DE0009C4A8E /* Debug */ = {
			isa = XCBuildConfiguration;
			buildSettings = {
				ALWAYS_EMBED_SWIFT_STANDARD_LIBRARIES = YES;
				CODE_SIGN_STYLE = Automatic;
				CURRENT_PROJECT_VERSION = 1;
				DEVELOPMENT_TEAM = 72R73HP2PG;
				GENERATE_INFOPLIST_FILE = YES;
				MACOSX_DEPLOYMENT_TARGET = 13.1;
				MARKETING_VERSION = 1.0;
				PRODUCT_BUNDLE_IDENTIFIER = MobileApp.MacLandmarksUITests;
				PRODUCT_NAME = "$(TARGET_NAME)";
				SDKROOT = macosx;
				SWIFT_EMIT_LOC_STRINGS = NO;
				SWIFT_VERSION = 5.0;
				TEST_TARGET_NAME = MacLandmarks;
			};
			name = Debug;
		};
		041E017229F14DE0009C4A8E /* Release */ = {
			isa = XCBuildConfiguration;
			buildSettings = {
				ALWAYS_EMBED_SWIFT_STANDARD_LIBRARIES = YES;
				CODE_SIGN_STYLE = Automatic;
				CURRENT_PROJECT_VERSION = 1;
				DEVELOPMENT_TEAM = 72R73HP2PG;
				GENERATE_INFOPLIST_FILE = YES;
				MACOSX_DEPLOYMENT_TARGET = 13.1;
				MARKETING_VERSION = 1.0;
				PRODUCT_BUNDLE_IDENTIFIER = MobileApp.MacLandmarksUITests;
				PRODUCT_NAME = "$(TARGET_NAME)";
				SDKROOT = macosx;
				SWIFT_EMIT_LOC_STRINGS = NO;
				SWIFT_VERSION = 5.0;
				TEST_TARGET_NAME = MacLandmarks;
			};
			name = Release;
		};
		0449B1BD29E4EEF600A5F74F /* Debug */ = {
			isa = XCBuildConfiguration;
			buildSettings = {
				ALWAYS_SEARCH_USER_PATHS = NO;
				CLANG_ANALYZER_NONNULL = YES;
				CLANG_ANALYZER_NUMBER_OBJECT_CONVERSION = YES_AGGRESSIVE;
				CLANG_CXX_LANGUAGE_STANDARD = "gnu++20";
				CLANG_ENABLE_MODULES = YES;
				CLANG_ENABLE_OBJC_ARC = YES;
				CLANG_ENABLE_OBJC_WEAK = YES;
				CLANG_WARN_BLOCK_CAPTURE_AUTORELEASING = YES;
				CLANG_WARN_BOOL_CONVERSION = YES;
				CLANG_WARN_COMMA = YES;
				CLANG_WARN_CONSTANT_CONVERSION = YES;
				CLANG_WARN_DEPRECATED_OBJC_IMPLEMENTATIONS = YES;
				CLANG_WARN_DIRECT_OBJC_ISA_USAGE = YES_ERROR;
				CLANG_WARN_DOCUMENTATION_COMMENTS = YES;
				CLANG_WARN_EMPTY_BODY = YES;
				CLANG_WARN_ENUM_CONVERSION = YES;
				CLANG_WARN_INFINITE_RECURSION = YES;
				CLANG_WARN_INT_CONVERSION = YES;
				CLANG_WARN_NON_LITERAL_NULL_CONVERSION = YES;
				CLANG_WARN_OBJC_IMPLICIT_RETAIN_SELF = YES;
				CLANG_WARN_OBJC_LITERAL_CONVERSION = YES;
				CLANG_WARN_OBJC_ROOT_CLASS = YES_ERROR;
				CLANG_WARN_QUOTED_INCLUDE_IN_FRAMEWORK_HEADER = YES;
				CLANG_WARN_RANGE_LOOP_ANALYSIS = YES;
				CLANG_WARN_STRICT_PROTOTYPES = YES;
				CLANG_WARN_SUSPICIOUS_MOVE = YES;
				CLANG_WARN_UNGUARDED_AVAILABILITY = YES_AGGRESSIVE;
				CLANG_WARN_UNREACHABLE_CODE = YES;
				CLANG_WARN__DUPLICATE_METHOD_MATCH = YES;
				COPY_PHASE_STRIP = NO;
				DEBUG_INFORMATION_FORMAT = dwarf;
				ENABLE_STRICT_OBJC_MSGSEND = YES;
				ENABLE_TESTABILITY = YES;
				GCC_C_LANGUAGE_STANDARD = gnu11;
				GCC_DYNAMIC_NO_PIC = NO;
				GCC_NO_COMMON_BLOCKS = YES;
				GCC_OPTIMIZATION_LEVEL = 0;
				GCC_PREPROCESSOR_DEFINITIONS = (
					"DEBUG=1",
					"$(inherited)",
				);
				GCC_WARN_64_TO_32_BIT_CONVERSION = YES;
				GCC_WARN_ABOUT_RETURN_TYPE = YES_ERROR;
				GCC_WARN_UNDECLARED_SELECTOR = YES;
				GCC_WARN_UNINITIALIZED_AUTOS = YES_AGGRESSIVE;
				GCC_WARN_UNUSED_FUNCTION = YES;
				GCC_WARN_UNUSED_VARIABLE = YES;
				IPHONEOS_DEPLOYMENT_TARGET = 16.2;
				MTL_ENABLE_DEBUG_INFO = INCLUDE_SOURCE;
				MTL_FAST_MATH = YES;
				ONLY_ACTIVE_ARCH = YES;
				SDKROOT = iphoneos;
				SWIFT_ACTIVE_COMPILATION_CONDITIONS = DEBUG;
				SWIFT_OPTIMIZATION_LEVEL = "-Onone";
			};
			name = Debug;
		};
		0449B1BE29E4EEF600A5F74F /* Release */ = {
			isa = XCBuildConfiguration;
			buildSettings = {
				ALWAYS_SEARCH_USER_PATHS = NO;
				CLANG_ANALYZER_NONNULL = YES;
				CLANG_ANALYZER_NUMBER_OBJECT_CONVERSION = YES_AGGRESSIVE;
				CLANG_CXX_LANGUAGE_STANDARD = "gnu++20";
				CLANG_ENABLE_MODULES = YES;
				CLANG_ENABLE_OBJC_ARC = YES;
				CLANG_ENABLE_OBJC_WEAK = YES;
				CLANG_WARN_BLOCK_CAPTURE_AUTORELEASING = YES;
				CLANG_WARN_BOOL_CONVERSION = YES;
				CLANG_WARN_COMMA = YES;
				CLANG_WARN_CONSTANT_CONVERSION = YES;
				CLANG_WARN_DEPRECATED_OBJC_IMPLEMENTATIONS = YES;
				CLANG_WARN_DIRECT_OBJC_ISA_USAGE = YES_ERROR;
				CLANG_WARN_DOCUMENTATION_COMMENTS = YES;
				CLANG_WARN_EMPTY_BODY = YES;
				CLANG_WARN_ENUM_CONVERSION = YES;
				CLANG_WARN_INFINITE_RECURSION = YES;
				CLANG_WARN_INT_CONVERSION = YES;
				CLANG_WARN_NON_LITERAL_NULL_CONVERSION = YES;
				CLANG_WARN_OBJC_IMPLICIT_RETAIN_SELF = YES;
				CLANG_WARN_OBJC_LITERAL_CONVERSION = YES;
				CLANG_WARN_OBJC_ROOT_CLASS = YES_ERROR;
				CLANG_WARN_QUOTED_INCLUDE_IN_FRAMEWORK_HEADER = YES;
				CLANG_WARN_RANGE_LOOP_ANALYSIS = YES;
				CLANG_WARN_STRICT_PROTOTYPES = YES;
				CLANG_WARN_SUSPICIOUS_MOVE = YES;
				CLANG_WARN_UNGUARDED_AVAILABILITY = YES_AGGRESSIVE;
				CLANG_WARN_UNREACHABLE_CODE = YES;
				CLANG_WARN__DUPLICATE_METHOD_MATCH = YES;
				COPY_PHASE_STRIP = NO;
				DEBUG_INFORMATION_FORMAT = "dwarf-with-dsym";
				ENABLE_NS_ASSERTIONS = NO;
				ENABLE_STRICT_OBJC_MSGSEND = YES;
				GCC_C_LANGUAGE_STANDARD = gnu11;
				GCC_NO_COMMON_BLOCKS = YES;
				GCC_WARN_64_TO_32_BIT_CONVERSION = YES;
				GCC_WARN_ABOUT_RETURN_TYPE = YES_ERROR;
				GCC_WARN_UNDECLARED_SELECTOR = YES;
				GCC_WARN_UNINITIALIZED_AUTOS = YES_AGGRESSIVE;
				GCC_WARN_UNUSED_FUNCTION = YES;
				GCC_WARN_UNUSED_VARIABLE = YES;
				IPHONEOS_DEPLOYMENT_TARGET = 16.2;
				MTL_ENABLE_DEBUG_INFO = NO;
				MTL_FAST_MATH = YES;
				SDKROOT = iphoneos;
				SWIFT_COMPILATION_MODE = wholemodule;
				SWIFT_OPTIMIZATION_LEVEL = "-O";
				VALIDATE_PRODUCT = YES;
			};
			name = Release;
		};
		0449B1C029E4EEF600A5F74F /* Debug */ = {
			isa = XCBuildConfiguration;
			buildSettings = {
				ASSETCATALOG_COMPILER_APPICON_NAME = AppIcon;
				ASSETCATALOG_COMPILER_GLOBAL_ACCENT_COLOR_NAME = AccentColor;
				CODE_SIGN_STYLE = Automatic;
				CURRENT_PROJECT_VERSION = 1;
				DEVELOPMENT_ASSET_PATHS = "\"0706012110003 - Jason Emanuel S - AFL 3/Preview Content\"";
				DEVELOPMENT_TEAM = 72R73HP2PG;
				ENABLE_PREVIEWS = YES;
				GENERATE_INFOPLIST_FILE = YES;
				INFOPLIST_KEY_UIApplicationSceneManifest_Generation = YES;
				INFOPLIST_KEY_UIApplicationSupportsIndirectInputEvents = YES;
				INFOPLIST_KEY_UILaunchScreen_Generation = YES;
				INFOPLIST_KEY_UISupportedInterfaceOrientations_iPad = "UIInterfaceOrientationPortrait UIInterfaceOrientationPortraitUpsideDown UIInterfaceOrientationLandscapeLeft UIInterfaceOrientationLandscapeRight";
				INFOPLIST_KEY_UISupportedInterfaceOrientations_iPhone = "UIInterfaceOrientationPortrait UIInterfaceOrientationLandscapeLeft UIInterfaceOrientationLandscapeRight";
				LD_RUNPATH_SEARCH_PATHS = (
					"$(inherited)",
					"@executable_path/Frameworks",
				);
				MARKETING_VERSION = 1.0;
				PRODUCT_BUNDLE_IDENTIFIER = "MobileApp.-706012110003---Jason-Emanuel-S---AFL-3";
				PRODUCT_NAME = "$(TARGET_NAME)";
				SWIFT_EMIT_LOC_STRINGS = YES;
				SWIFT_VERSION = 5.0;
				TARGETED_DEVICE_FAMILY = "1,2";
			};
			name = Debug;
		};
		0449B1C129E4EEF600A5F74F /* Release */ = {
			isa = XCBuildConfiguration;
			buildSettings = {
				ASSETCATALOG_COMPILER_APPICON_NAME = AppIcon;
				ASSETCATALOG_COMPILER_GLOBAL_ACCENT_COLOR_NAME = AccentColor;
				CODE_SIGN_STYLE = Automatic;
				CURRENT_PROJECT_VERSION = 1;
				DEVELOPMENT_ASSET_PATHS = "\"0706012110003 - Jason Emanuel S - AFL 3/Preview Content\"";
				DEVELOPMENT_TEAM = 72R73HP2PG;
				ENABLE_PREVIEWS = YES;
				GENERATE_INFOPLIST_FILE = YES;
				INFOPLIST_KEY_UIApplicationSceneManifest_Generation = YES;
				INFOPLIST_KEY_UIApplicationSupportsIndirectInputEvents = YES;
				INFOPLIST_KEY_UILaunchScreen_Generation = YES;
				INFOPLIST_KEY_UISupportedInterfaceOrientations_iPad = "UIInterfaceOrientationPortrait UIInterfaceOrientationPortraitUpsideDown UIInterfaceOrientationLandscapeLeft UIInterfaceOrientationLandscapeRight";
				INFOPLIST_KEY_UISupportedInterfaceOrientations_iPhone = "UIInterfaceOrientationPortrait UIInterfaceOrientationLandscapeLeft UIInterfaceOrientationLandscapeRight";
				LD_RUNPATH_SEARCH_PATHS = (
					"$(inherited)",
					"@executable_path/Frameworks",
				);
				MARKETING_VERSION = 1.0;
				PRODUCT_BUNDLE_IDENTIFIER = "MobileApp.-706012110003---Jason-Emanuel-S---AFL-3";
				PRODUCT_NAME = "$(TARGET_NAME)";
				SWIFT_EMIT_LOC_STRINGS = YES;
				SWIFT_VERSION = 5.0;
				TARGETED_DEVICE_FAMILY = "1,2";
			};
			name = Release;
		};
		0449B1C329E4EEF600A5F74F /* Debug */ = {
			isa = XCBuildConfiguration;
			buildSettings = {
				ALWAYS_EMBED_SWIFT_STANDARD_LIBRARIES = YES;
				BUNDLE_LOADER = "$(TEST_HOST)";
				CODE_SIGN_STYLE = Automatic;
				CURRENT_PROJECT_VERSION = 1;
				DEVELOPMENT_TEAM = 72R73HP2PG;
				GENERATE_INFOPLIST_FILE = YES;
				IPHONEOS_DEPLOYMENT_TARGET = 16.2;
				MARKETING_VERSION = 1.0;
				PRODUCT_BUNDLE_IDENTIFIER = "MobileApp.-706012110003---Jason-Emanuel-S---AFL-3Tests";
				PRODUCT_NAME = "$(TARGET_NAME)";
				SWIFT_EMIT_LOC_STRINGS = NO;
				SWIFT_VERSION = 5.0;
				TARGETED_DEVICE_FAMILY = "1,2";
				TEST_HOST = "$(BUILT_PRODUCTS_DIR)/0706012110003 - Jason Emanuel S - AFL 3.app/$(BUNDLE_EXECUTABLE_FOLDER_PATH)/0706012110003 - Jason Emanuel S - AFL 3";
			};
			name = Debug;
		};
		0449B1C429E4EEF600A5F74F /* Release */ = {
			isa = XCBuildConfiguration;
			buildSettings = {
				ALWAYS_EMBED_SWIFT_STANDARD_LIBRARIES = YES;
				BUNDLE_LOADER = "$(TEST_HOST)";
				CODE_SIGN_STYLE = Automatic;
				CURRENT_PROJECT_VERSION = 1;
				DEVELOPMENT_TEAM = 72R73HP2PG;
				GENERATE_INFOPLIST_FILE = YES;
				IPHONEOS_DEPLOYMENT_TARGET = 16.2;
				MARKETING_VERSION = 1.0;
				PRODUCT_BUNDLE_IDENTIFIER = "MobileApp.-706012110003---Jason-Emanuel-S---AFL-3Tests";
				PRODUCT_NAME = "$(TARGET_NAME)";
				SWIFT_EMIT_LOC_STRINGS = NO;
				SWIFT_VERSION = 5.0;
				TARGETED_DEVICE_FAMILY = "1,2";
				TEST_HOST = "$(BUILT_PRODUCTS_DIR)/0706012110003 - Jason Emanuel S - AFL 3.app/$(BUNDLE_EXECUTABLE_FOLDER_PATH)/0706012110003 - Jason Emanuel S - AFL 3";
			};
			name = Release;
		};
		0449B1C629E4EEF600A5F74F /* Debug */ = {
			isa = XCBuildConfiguration;
			buildSettings = {
				ALWAYS_EMBED_SWIFT_STANDARD_LIBRARIES = YES;
				CODE_SIGN_STYLE = Automatic;
				CURRENT_PROJECT_VERSION = 1;
				DEVELOPMENT_TEAM = 72R73HP2PG;
				GENERATE_INFOPLIST_FILE = YES;
				MARKETING_VERSION = 1.0;
				PRODUCT_BUNDLE_IDENTIFIER = "MobileApp.-706012110003---Jason-Emanuel-S---AFL-3UITests";
				PRODUCT_NAME = "$(TARGET_NAME)";
				SWIFT_EMIT_LOC_STRINGS = NO;
				SWIFT_VERSION = 5.0;
				TARGETED_DEVICE_FAMILY = "1,2";
				TEST_TARGET_NAME = "0706012110003 - Jason Emanuel S - AFL 3";
			};
			name = Debug;
		};
		0449B1C729E4EEF600A5F74F /* Release */ = {
			isa = XCBuildConfiguration;
			buildSettings = {
				ALWAYS_EMBED_SWIFT_STANDARD_LIBRARIES = YES;
				CODE_SIGN_STYLE = Automatic;
				CURRENT_PROJECT_VERSION = 1;
				DEVELOPMENT_TEAM = 72R73HP2PG;
				GENERATE_INFOPLIST_FILE = YES;
				MARKETING_VERSION = 1.0;
				PRODUCT_BUNDLE_IDENTIFIER = "MobileApp.-706012110003---Jason-Emanuel-S---AFL-3UITests";
				PRODUCT_NAME = "$(TARGET_NAME)";
				SWIFT_EMIT_LOC_STRINGS = NO;
				SWIFT_VERSION = 5.0;
				TARGETED_DEVICE_FAMILY = "1,2";
				TEST_TARGET_NAME = "0706012110003 - Jason Emanuel S - AFL 3";
			};
			name = Release;
		};
/* End XCBuildConfiguration section */

/* Begin XCConfigurationList section */
		041E016A29F14DE0009C4A8E /* Build configuration list for PBXNativeTarget "MacLandmarks" */ = {
			isa = XCConfigurationList;
			buildConfigurations = (
				041E016B29F14DE0009C4A8E /* Debug */,
				041E016C29F14DE0009C4A8E /* Release */,
			);
			defaultConfigurationIsVisible = 0;
			defaultConfigurationName = Release;
		};
		041E016D29F14DE0009C4A8E /* Build configuration list for PBXNativeTarget "MacLandmarksTests" */ = {
			isa = XCConfigurationList;
			buildConfigurations = (
				041E016E29F14DE0009C4A8E /* Debug */,
				041E016F29F14DE0009C4A8E /* Release */,
			);
			defaultConfigurationIsVisible = 0;
			defaultConfigurationName = Release;
		};
		041E017029F14DE0009C4A8E /* Build configuration list for PBXNativeTarget "MacLandmarksUITests" */ = {
			isa = XCConfigurationList;
			buildConfigurations = (
				041E017129F14DE0009C4A8E /* Debug */,
				041E017229F14DE0009C4A8E /* Release */,
			);
			defaultConfigurationIsVisible = 0;
			defaultConfigurationName = Release;
		};
		0449B19129E4EEF200A5F74F /* Build configuration list for PBXProject "0706012110003 - Jason Emanuel S - AFL 3" */ = {
			isa = XCConfigurationList;
			buildConfigurations = (
				0449B1BD29E4EEF600A5F74F /* Debug */,
				0449B1BE29E4EEF600A5F74F /* Release */,
			);
			defaultConfigurationIsVisible = 0;
			defaultConfigurationName = Release;
		};
		0449B1BF29E4EEF600A5F74F /* Build configuration list for PBXNativeTarget "0706012110003 - Jason Emanuel S - AFL 3" */ = {
			isa = XCConfigurationList;
			buildConfigurations = (
				0449B1C029E4EEF600A5F74F /* Debug */,
				0449B1C129E4EEF600A5F74F /* Release */,
			);
			defaultConfigurationIsVisible = 0;
			defaultConfigurationName = Release;
		};
		0449B1C229E4EEF600A5F74F /* Build configuration list for PBXNativeTarget "0706012110003 - Jason Emanuel S - AFL 3Tests" */ = {
			isa = XCConfigurationList;
			buildConfigurations = (
				0449B1C329E4EEF600A5F74F /* Debug */,
				0449B1C429E4EEF600A5F74F /* Release */,
			);
			defaultConfigurationIsVisible = 0;
			defaultConfigurationName = Release;
		};
		0449B1C529E4EEF600A5F74F /* Build configuration list for PBXNativeTarget "0706012110003 - Jason Emanuel S - AFL 3UITests" */ = {
			isa = XCConfigurationList;
			buildConfigurations = (
				0449B1C629E4EEF600A5F74F /* Debug */,
				0449B1C729E4EEF600A5F74F /* Release */,
			);
			defaultConfigurationIsVisible = 0;
			defaultConfigurationName = Release;
		};
/* End XCConfigurationList section */

/* Begin XCVersionGroup section */
		041E015029F14DDF009C4A8E /* MacLandmarks.xcdatamodeld */ = {
			isa = XCVersionGroup;
			children = (
				041E015129F14DDF009C4A8E /* MacLandmarks.xcdatamodel */,
			);
			currentVersion = 041E015129F14DDF009C4A8E /* MacLandmarks.xcdatamodel */;
			path = MacLandmarks.xcdatamodeld;
			sourceTree = "<group>";
			versionGroupType = wrapper.xcdatamodel;
		};
		0449B1A429E4EEF500A5F74F /* _706012110003___Jason_Emanuel_S___AFL_3.xcdatamodeld */ = {
			isa = XCVersionGroup;
			children = (
				0449B1A529E4EEF500A5F74F /* _706012110003___Jason_Emanuel_S___AFL_3.xcdatamodel */,
			);
			currentVersion = 0449B1A529E4EEF500A5F74F /* _706012110003___Jason_Emanuel_S___AFL_3.xcdatamodel */;
			path = "_706012110003___Jason_Emanuel_S___AFL_3.xcdatamodeld";
			sourceTree = "<group>";
			versionGroupType = wrapper.xcdatamodel;
		};
/* End XCVersionGroup section */
	};
	rootObject = 0449B18E29E4EEF200A5F74F /* Project object */;
}
